
Microsoft Visual Studio Solution File, Format Version 12.00
# Visual Studio Version 17
VisualStudioVersion = 17.1.32414.318
MinimumVisualStudioVersion = 10.0.40219.1
Project("{9A19103F-16F7-4668-BE54-9A1E7A4F7556}") = "DataAccess", "DataAccess\DataAccess.csproj", "{135F7C58-FB64-4025-A51A-0B4F48070C2C}"
EndProject
Project("{9A19103F-16F7-4668-BE54-9A1E7A4F7556}") = "DMAService", "DMAService\DMAService.csproj", "{7476DDE3-52D4-46B9-8BC4-53118B2EA642}"
EndProject
Project("{9A19103F-16F7-4668-BE54-9A1E7A4F7556}") = "DMAWebApp", "DMAWebApp\DMAWebApp.csproj", "{20416696-F09A-4902-ACB1-B16461817366}"
EndProject
Project("{9A19103F-16F7-4668-BE54-9A1E7A4F7556}") = "DMAAPI", "DMAAPI\DMAAPI.csproj", "{699D56A0-CA89-4419-8881-CF2860E18FF7}"
EndProject
Global
	GlobalSection(SolutionConfigurationPlatforms) = preSolution
		Debug|Any CPU = Debug|Any CPU
		Release|Any CPU = Release|Any CPU
	EndGlobalSection
	GlobalSection(ProjectConfigurationPlatforms) = postSolution
		{135F7C58-FB64-4025-A51A-0B4F48070C2C}.Debug|Any CPU.ActiveCfg = Debug|Any CPU
		{135F7C58-FB64-4025-A51A-0B4F48070C2C}.Debug|Any CPU.Build.0 = Debug|Any CPU
		{135F7C58-FB64-4025-A51A-0B4F48070C2C}.Release|Any CPU.ActiveCfg = Release|Any CPU
		{135F7C58-FB64-4025-A51A-0B4F48070C2C}.Release|Any CPU.Build.0 = Release|Any CPU
		{7476DDE3-52D4-46B9-8BC4-53118B2EA642}.Debug|Any CPU.ActiveCfg = Debug|Any CPU
		{7476DDE3-52D4-46B9-8BC4-53118B2EA642}.Debug|Any CPU.Build.0 = Debug|Any CPU
		{7476DDE3-52D4-46B9-8BC4-53118B2EA642}.Release|Any CPU.ActiveCfg = Release|Any CPU
		{7476DDE3-52D4-46B9-8BC4-53118B2EA642}.Release|Any CPU.Build.0 = Release|Any CPU
		{20416696-F09A-4902-ACB1-B16461817366}.Debug|Any CPU.ActiveCfg = Debug|Any CPU
		{20416696-F09A-4902-ACB1-B16461817366}.Debug|Any CPU.Build.0 = Debug|Any CPU
		{20416696-F09A-4902-ACB1-B16461817366}.Release|Any CPU.ActiveCfg = Release|Any CPU
		{20416696-F09A-4902-ACB1-B16461817366}.Release|Any CPU.Build.0 = Release|Any CPU
		{699D56A0-CA89-4419-8881-CF2860E18FF7}.Debug|Any CPU.ActiveCfg = Debug|Any CPU
		{699D56A0-CA89-4419-8881-CF2860E18FF7}.Debug|Any CPU.Build.0 = Debug|Any CPU
		{699D56A0-CA89-4419-8881-CF2860E18FF7}.Release|Any CPU.ActiveCfg = Release|Any CPU
		{699D56A0-CA89-4419-8881-CF2860E18FF7}.Release|Any CPU.Build.0 = Release|Any CPU
	EndGlobalSection
	GlobalSection(SolutionProperties) = preSolution
		HideSolutionNode = FALSE
	EndGlobalSection
	GlobalSection(ExtensibilityGlobals) = postSolution
		SolutionGuid = {6796F7AA-C3AB-4B47-81B3-159CF9DB6246}
	EndGlobalSection
EndGlobal
